{
  "pins" : [
    {
      "identity" : "devicekit",
      "kind" : "remoteSourceControl",
      "location" : "https://github.com/devicekit/DeviceKit.git",
      "state" : {
        "branch" : "master",
        "revision" : "19528aa07e1426626ea9fb2c4a161edf43c4f9e8"
      }
    }
  ],
  "version" : 2
}
